
Microsoft Visual Studio Solution File, Format Version 12.00
# Visual Studio Version 16
VisualStudioVersion = 16.0.30907.101
MinimumVisualStudioVersion = 10.0.40219.1
Project("{FAE04EC0-301F-11D3-BF4B-00C04F79EFBC}") = "MyGameProject", "MyGameProject\MyGameProject.csproj", "{4BF78804-5C00-42FA-B1F0-1783C07BC988}"
EndProject
Global
	GlobalSection(SolutionConfigurationPlatforms) = preSolution
		Debug|Any CPU = Debug|Any CPU
		Release|Any CPU = Release|Any CPU
	EndGlobalSection
	GlobalSection(ProjectConfigurationPlatforms) = postSolution
		{4BF78804-5C00-42FA-B1F0-1783C07BC988}.Debug|Any CPU.ActiveCfg = Debug|Any CPU
		{4BF78804-5C00-42FA-B1F0-1783C07BC988}.Debug|Any CPU.Build.0 = Debug|Any CPU
		{4BF78804-5C00-42FA-B1F0-1783C07BC988}.Release|Any CPU.ActiveCfg = Release|Any CPU
		{4BF78804-5C00-42FA-B1F0-1783C07BC988}.Release|Any CPU.Build.0 = Release|Any CPU
	EndGlobalSection
	GlobalSection(SolutionProperties) = preSolution
		HideSolutionNode = FALSE
	EndGlobalSection
	GlobalSection(ExtensibilityGlobals) = postSolution
		SolutionGuid = {AA5B824D-5502-4F68-9974-C84115142013}
	EndGlobalSection
EndGlobal
